
Microsoft Visual Studio Solution File, Format Version 12.00
Project("{FAE04EC0-301F-11D3-BF4B-00C04F79EFBC}") = "LearningApp", "LearningApp\LearningApp.csproj", "{EEA1B671-02B8-45E9-A1BB-80E925B8503A}"
EndProject
Global
	GlobalSection(SolutionConfigurationPlatforms) = preSolution
		Debug|Any CPU = Debug|Any CPU
		Release|Any CPU = Release|Any CPU
	EndGlobalSection
	GlobalSection(ProjectConfigurationPlatforms) = postSolution
		{EEA1B671-02B8-45E9-A1BB-80E925B8503A}.Debug|Any CPU.ActiveCfg = Debug|Any CPU
		{EEA1B671-02B8-45E9-A1BB-80E925B8503A}.Debug|Any CPU.Build.0 = Debug|Any CPU
		{EEA1B671-02B8-45E9-A1BB-80E925B8503A}.Release|Any CPU.ActiveCfg = Release|Any CPU
		{EEA1B671-02B8-45E9-A1BB-80E925B8503A}.Release|Any CPU.Build.0 = Release|Any CPU
	EndGlobalSection
EndGlobal
